
Microsoft Visual Studio Solution File, Format Version 12.00
# Visual Studio 2013
VisualStudioVersion = 12.0.31101.0
MinimumVisualStudioVersion = 10.0.40219.1
Project("{FAE04EC0-301F-11D3-BF4B-00C04F79EFBC}") = "BooksSocial.Data", "BooksSocial.Data\BooksSocial.Data.csproj", "{208837C4-36B1-45EB-9979-24E3B9145DE9}"
EndProject
Project("{FAE04EC0-301F-11D3-BF4B-00C04F79EFBC}") = "BooksSocial.Models", "BooksSocial.Models\BooksSocial.Models.csproj", "{3138E386-ACB6-4164-B352-4F333D69CE60}"
EndProject
Project("{FAE04EC0-301F-11D3-BF4B-00C04F79EFBC}") = "BooksSocial.WebServices", "BooksSocial.WebServices\BooksSocial.WebServices.csproj", "{4FF77896-0268-4131-A8AC-F21EF736B707}"
EndProject
Global
	GlobalSection(SolutionConfigurationPlatforms) = preSolution
		Debug|Any CPU = Debug|Any CPU
		Release|Any CPU = Release|Any CPU
	EndGlobalSection
	GlobalSection(ProjectConfigurationPlatforms) = postSolution
		{208837C4-36B1-45EB-9979-24E3B9145DE9}.Debug|Any CPU.ActiveCfg = Debug|Any CPU
		{208837C4-36B1-45EB-9979-24E3B9145DE9}.Debug|Any CPU.Build.0 = Debug|Any CPU
		{208837C4-36B1-45EB-9979-24E3B9145DE9}.Release|Any CPU.ActiveCfg = Release|Any CPU
		{208837C4-36B1-45EB-9979-24E3B9145DE9}.Release|Any CPU.Build.0 = Release|Any CPU
		{3138E386-ACB6-4164-B352-4F333D69CE60}.Debug|Any CPU.ActiveCfg = Debug|Any CPU
		{3138E386-ACB6-4164-B352-4F333D69CE60}.Debug|Any CPU.Build.0 = Debug|Any CPU
		{3138E386-ACB6-4164-B352-4F333D69CE60}.Release|Any CPU.ActiveCfg = Release|Any CPU
		{3138E386-ACB6-4164-B352-4F333D69CE60}.Release|Any CPU.Build.0 = Release|Any CPU
		{4FF77896-0268-4131-A8AC-F21EF736B707}.Debug|Any CPU.ActiveCfg = Debug|Any CPU
		{4FF77896-0268-4131-A8AC-F21EF736B707}.Debug|Any CPU.Build.0 = Debug|Any CPU
		{4FF77896-0268-4131-A8AC-F21EF736B707}.Release|Any CPU.ActiveCfg = Release|Any CPU
		{4FF77896-0268-4131-A8AC-F21EF736B707}.Release|Any CPU.Build.0 = Release|Any CPU
	EndGlobalSection
	GlobalSection(SolutionProperties) = preSolution
		HideSolutionNode = FALSE
	EndGlobalSection
EndGlobal
